
Microsoft Visual Studio Solution File, Format Version 12.00
# Visual Studio Version 17
VisualStudioVersion = 17.10.35122.118
MinimumVisualStudioVersion = 10.0.40219.1
Project("{2150E333-8FDC-42A3-9474-1A3956D46DE8}") = "Элементы решения", "Элементы решения", "{48F5E42B-220B-06E1-EF7D-634A1588BC5E}"
	ProjectSection(SolutionItems) = preProject
		README.md = README.md
	EndProjectSection
EndProject
Project("{2150E333-8FDC-42A3-9474-1A3956D46DE8}") = "Shared", "Shared", "{4F52FD11-658E-A102-6CD3-7D7C16FFA15B}"
EndProject
Project("{2150E333-8FDC-42A3-9474-1A3956D46DE8}") = "Logistics", "Logistics", "{B2DDA77C-68A6-CD82-1C03-2D8E93A7DD98}"
EndProject
Project("{2150E333-8FDC-42A3-9474-1A3956D46DE8}") = "Inventory", "Inventory", "{A82171FD-62A2-C6E3-C36A-58AD9851CE76}"
EndProject
Project("{2150E333-8FDC-42A3-9474-1A3956D46DE8}") = "Documents", "Documents", "{69AAFB8E-C7E5-3E2A-1563-D3230A0535ED}"
EndProject
Project("{2150E333-8FDC-42A3-9474-1A3956D46DE8}") = "Internal", "Internal", "{5A380C17-196E-6321-DE74-1F06A4E0A5CA}"
EndProject
Project("{2150E333-8FDC-42A3-9474-1A3956D46DE8}") = "Reviews", "Reviews", "{F6280DF6-79FE-D13D-C11C-C380DB873EFA}"
EndProject
Project("{2150E333-8FDC-42A3-9474-1A3956D46DE8}") = "Payments", "Payments", "{3508934D-48C9-37DF-1920-9DB63887B2CE}"
EndProject
Project("{2150E333-8FDC-42A3-9474-1A3956D46DE8}") = "Orders", "Orders", "{1FAD1C1A-B1F6-323D-9340-8BE8C08CE621}"
EndProject
Project("{2150E333-8FDC-42A3-9474-1A3956D46DE8}") = "Deliveries", "Deliveries", "{AFF20A04-B3A4-FA85-05CB-4BCBB85A9086}"
EndProject
Project("{2150E333-8FDC-42A3-9474-1A3956D46DE8}") = "Clients", "Clients", "{4E0F13D7-B993-5066-1B92-85E8515AC92E}"
EndProject
Project("{2150E333-8FDC-42A3-9474-1A3956D46DE8}") = "Core", "Core", "{B52BA70C-A2C8-6665-0651-70D7E847CB01}"
EndProject
Project("{2150E333-8FDC-42A3-9474-1A3956D46DE8}") = "Catalog", "Catalog", "{629566FC-6596-DF94-1392-784D333BB032}"
EndProject
Project("{2150E333-8FDC-42A3-9474-1A3956D46DE8}") = "Basket", "Basket", "{507AC1C2-504F-49F5-977E-05C09FCB1245}"
EndProject
Project("{2150E333-8FDC-42A3-9474-1A3956D46DE8}") = "External", "External", "{A288BEE0-695A-BEEA-455C-649571D89326}"
EndProject
Project("{9A19103F-16F7-4668-BE54-9A1E7A4F7556}") = "eShop.Shared.Interfaces", "Shared\eShop.Shared.Interfaces\eShop.Shared.Interfaces.csproj", "{FD8C7C6F-598A-3384-52CD-448212B2CDE9}"
EndProject
Project("{9A19103F-16F7-4668-BE54-9A1E7A4F7556}") = "eShop.Logistics.Movement.Domain", "Internal\eShop.Logistics.Movement.Domain\eShop.Logistics.Movement.Domain.csproj", "{0054F869-F3B6-D247-5BDB-943519D73D9C}"
EndProject
Project("{9A19103F-16F7-4668-BE54-9A1E7A4F7556}") = "eShop.Logistics.Storehouse.Domain", "Internal\eShop.Logistics.Storehouse.Domain\eShop.Logistics.Storehouse.Domain.csproj", "{ADEDFE58-B3D0-B105-EADF-04A3D2FD53A9}"
EndProject
Project("{9A19103F-16F7-4668-BE54-9A1E7A4F7556}") = "eShop.Documents.Domain", "Internal\eShop.Documents.Domain\eShop.Documents.Domain.csproj", "{D1FC86F4-6296-CED0-2BE3-905872D7F6B5}"
EndProject
Project("{9A19103F-16F7-4668-BE54-9A1E7A4F7556}") = "eShop.Reviews.Domain", "External\Reviews\eShop.Reviews.Domain\eShop.Reviews.Domain.csproj", "{93C0C091-9983-10E6-EB31-5C5CF86D6479}"
EndProject
Project("{9A19103F-16F7-4668-BE54-9A1E7A4F7556}") = "eShop.Payments.Domain", "External\Payments\eShop.Payments.Domain\eShop.Payments.Domain.csproj", "{5914E0DE-07BC-4CC0-43D4-D2364FA20468}"
EndProject
Project("{9A19103F-16F7-4668-BE54-9A1E7A4F7556}") = "eShop.Payments.Interfaces", "External\Payments\eShop.Payments.Interfaces\eShop.Payments.Interfaces.csproj", "{5981BC88-FED5-4922-0880-3692BC9BFFC2}"
EndProject
Project("{9A19103F-16F7-4668-BE54-9A1E7A4F7556}") = "eShop.Order.Domain", "External\Orders\eShop.Order.Domain\eShop.Order.Domain.csproj", "{570C5D04-C7BE-06D6-94D7-6F13DEBBAA13}"
EndProject
Project("{9A19103F-16F7-4668-BE54-9A1E7A4F7556}") = "eShop.Order.Interfaces", "External\Orders\eShop.Order.Interfaces\eShop.Order.Interfaces.csproj", "{A1AF3371-6773-7DD8-0DEB-E3049032DFC5}"
EndProject
Project("{9A19103F-16F7-4668-BE54-9A1E7A4F7556}") = "eShop.Deliveries.Domain", "External\Deliveries\eShop.Deliveries.Domain\eShop.Deliveries.Domain.csproj", "{65D73C2C-3B23-DB43-C982-B4B8023434D2}"
EndProject
Project("{9A19103F-16F7-4668-BE54-9A1E7A4F7556}") = "eShop.Deliveries.Interfaces", "External\Deliveries\eShop.Deliveries.Interfaces\eShop.Deliveries.Interfaces.csproj", "{0897BDFE-12D0-09CE-568F-1E2F681A4337}"
EndProject
Project("{9A19103F-16F7-4668-BE54-9A1E7A4F7556}") = "eShop.Clients.Domain", "External\Clients\eShop.Clients.Domain\eShop.Clients.Domain.csproj", "{305E9B71-7437-1571-D108-0921219A9FD4}"
EndProject
Project("{9A19103F-16F7-4668-BE54-9A1E7A4F7556}") = "eShop.Clients.Interfaces", "External\Clients\eShop.Clients.Interfaces\eShop.Clients.Interfaces.csproj", "{7338AAB0-3B33-92C4-6361-48251A89D6AA}"
EndProject
Project("{9A19103F-16F7-4668-BE54-9A1E7A4F7556}") = "eShop.Products.Domain", "External\Catalog\eShop.Products.Domain\eShop.Products.Domain.csproj", "{63C80719-F744-1F71-0776-0E680E8EB097}"
EndProject
Project("{9A19103F-16F7-4668-BE54-9A1E7A4F7556}") = "eShop.Products.Interfaces", "External\Catalog\eShop.Products.Interfaces\eShop.Products.Interfaces.csproj", "{974F3D8A-FDE7-7D03-23B2-C207DB70385F}"
EndProject
Project("{9A19103F-16F7-4668-BE54-9A1E7A4F7556}") = "eShop.Products.Models", "External\Catalog\eShop.Products.Models\eShop.Products.Models.csproj", "{66B4ABE3-5944-BF80-C0F0-D7C00357CFBF}"
EndProject
Project("{9A19103F-16F7-4668-BE54-9A1E7A4F7556}") = "eShop.Products.Services", "External\Catalog\eShop.Products.Services\eShop.Products.Services.csproj", "{202F0A3F-9721-E5DE-71B9-6EBAD78B0F78}"
EndProject
Project("{9A19103F-16F7-4668-BE54-9A1E7A4F7556}") = "eShop.Products.Persistence", "External\Catalog\eShop.Products.Persistence\eShop.Products.Persistence.csproj", "{D4EC9792-3D5E-3A7F-E4E7-1F3D0A4169E6}"
EndProject
Project("{9A19103F-16F7-4668-BE54-9A1E7A4F7556}") = "eShop.Basket.Domain", "External\Basket\eShop.Basket.Domain\eShop.Basket.Domain.csproj", "{DAF200C6-F37D-3B07-639C-2CEAC0E4E67D}"
EndProject
Project("{9A19103F-16F7-4668-BE54-9A1E7A4F7556}") = "eShop.Basket.Interfaces", "External\Basket\eShop.Basket.Interfaces\eShop.Basket.Interfaces.csproj", "{87F43C3F-E16A-79FF-0963-3F223F0DB189}"
EndProject
Project("{9A19103F-16F7-4668-BE54-9A1E7A4F7556}") = "eShop.Basket.Models", "External\Basket\eShop.Basket.Models\eShop.Basket.Models.csproj", "{86704196-7424-4881-A3AF-718A6ED686BC}"
EndProject
Project("{9A19103F-16F7-4668-BE54-9A1E7A4F7556}") = "eShop.Basket.Persistence", "External\Basket\eShop.Basket.Persistence\eShop.Basket.Persistence.csproj", "{AAD864B2-D5CD-4E75-A9E6-530C37E1C4D2}"
EndProject
Project("{9A19103F-16F7-4668-BE54-9A1E7A4F7556}") = "eShop.Basket.Services", "External\Basket\eShop.Basket.Services\eShop.Basket.Services.csproj", "{A3E703DE-FCA0-4F68-B53B-E985D4F32298}"
EndProject
Project("{9A19103F-16F7-4668-BE54-9A1E7A4F7556}") = "eShop.Clients.Models", "External\Clients\eShop.Clients.Models\eShop.Clients.Models.csproj", "{EFC34E1E-0116-4CBF-82E5-C165DB5978EE}"
EndProject
Project("{9A19103F-16F7-4668-BE54-9A1E7A4F7556}") = "eShop.Clients.Persistence", "External\Clients\eShop.Clients.Persistence\eShop.Clients.Persistence.csproj", "{03CEB584-2307-4249-8725-AA0022D36E3E}"
EndProject
Project("{9A19103F-16F7-4668-BE54-9A1E7A4F7556}") = "eShop.Clients.Services", "External\Clients\eShop.Clients.Services\eShop.Clients.Services.csproj", "{7EDDF635-E033-4C65-9ECA-96D953D32CFE}"
EndProject
Project("{9A19103F-16F7-4668-BE54-9A1E7A4F7556}") = "eShop.Clients.Auth.Jwt", "External\Clients\eShop.Clients.Auth.Jwt\eShop.Clients.Auth.Jwt.csproj", "{50B4CCD8-C2FF-4A33-B4F7-E24A0256CD83}"
EndProject
Project("{9A19103F-16F7-4668-BE54-9A1E7A4F7556}") = "eShop.Clients.Shared", "External\Clients\eShop.Clients.Shared\eShop.Clients.Shared.csproj", "{3E65D8A4-E41A-43B3-8C26-C841AABB8D17}"
EndProject
Global
	GlobalSection(ExtensibilityGlobals) = postSolution
		SolutionGuid = {F2D9C5A8-93A5-49AB-91E4-ADC5520F0DD5}
	EndGlobalSection
	GlobalSection(SolutionConfigurationPlatforms) = preSolution
		Debug|Any CPU = Debug|Any CPU
		Release|Any CPU = Release|Any CPU
	EndGlobalSection
	GlobalSection(ProjectConfigurationPlatforms) = postSolution
		{03CEB584-2307-4249-8725-AA0022D36E3E}.Debug|Any CPU.ActiveCfg = Debug|Any CPU
		{03CEB584-2307-4249-8725-AA0022D36E3E}.Debug|Any CPU.Build.0 = Debug|Any CPU
		{03CEB584-2307-4249-8725-AA0022D36E3E}.Release|Any CPU.ActiveCfg = Release|Any CPU
		{03CEB584-2307-4249-8725-AA0022D36E3E}.Release|Any CPU.Build.0 = Release|Any CPU
		{3E65D8A4-E41A-43B3-8C26-C841AABB8D17}.Debug|Any CPU.ActiveCfg = Debug|Any CPU
		{3E65D8A4-E41A-43B3-8C26-C841AABB8D17}.Debug|Any CPU.Build.0 = Debug|Any CPU
		{3E65D8A4-E41A-43B3-8C26-C841AABB8D17}.Release|Any CPU.ActiveCfg = Release|Any CPU
		{3E65D8A4-E41A-43B3-8C26-C841AABB8D17}.Release|Any CPU.Build.0 = Release|Any CPU
		{50B4CCD8-C2FF-4A33-B4F7-E24A0256CD83}.Debug|Any CPU.ActiveCfg = Debug|Any CPU
		{50B4CCD8-C2FF-4A33-B4F7-E24A0256CD83}.Debug|Any CPU.Build.0 = Debug|Any CPU
		{50B4CCD8-C2FF-4A33-B4F7-E24A0256CD83}.Release|Any CPU.ActiveCfg = Release|Any CPU
		{50B4CCD8-C2FF-4A33-B4F7-E24A0256CD83}.Release|Any CPU.Build.0 = Release|Any CPU
		{7EDDF635-E033-4C65-9ECA-96D953D32CFE}.Debug|Any CPU.ActiveCfg = Debug|Any CPU
		{7EDDF635-E033-4C65-9ECA-96D953D32CFE}.Debug|Any CPU.Build.0 = Debug|Any CPU
		{7EDDF635-E033-4C65-9ECA-96D953D32CFE}.Release|Any CPU.ActiveCfg = Release|Any CPU
		{7EDDF635-E033-4C65-9ECA-96D953D32CFE}.Release|Any CPU.Build.0 = Release|Any CPU
		{86704196-7424-4881-A3AF-718A6ED686BC}.Debug|Any CPU.ActiveCfg = Debug|Any CPU
		{86704196-7424-4881-A3AF-718A6ED686BC}.Debug|Any CPU.Build.0 = Debug|Any CPU
		{86704196-7424-4881-A3AF-718A6ED686BC}.Release|Any CPU.ActiveCfg = Release|Any CPU
		{86704196-7424-4881-A3AF-718A6ED686BC}.Release|Any CPU.Build.0 = Release|Any CPU
		{A3E703DE-FCA0-4F68-B53B-E985D4F32298}.Debug|Any CPU.ActiveCfg = Debug|Any CPU
		{A3E703DE-FCA0-4F68-B53B-E985D4F32298}.Debug|Any CPU.Build.0 = Debug|Any CPU
		{A3E703DE-FCA0-4F68-B53B-E985D4F32298}.Release|Any CPU.ActiveCfg = Release|Any CPU
		{A3E703DE-FCA0-4F68-B53B-E985D4F32298}.Release|Any CPU.Build.0 = Release|Any CPU
		{AAD864B2-D5CD-4E75-A9E6-530C37E1C4D2}.Debug|Any CPU.ActiveCfg = Debug|Any CPU
		{AAD864B2-D5CD-4E75-A9E6-530C37E1C4D2}.Debug|Any CPU.Build.0 = Debug|Any CPU
		{AAD864B2-D5CD-4E75-A9E6-530C37E1C4D2}.Release|Any CPU.ActiveCfg = Release|Any CPU
		{AAD864B2-D5CD-4E75-A9E6-530C37E1C4D2}.Release|Any CPU.Build.0 = Release|Any CPU
		{EFC34E1E-0116-4CBF-82E5-C165DB5978EE}.Debug|Any CPU.ActiveCfg = Debug|Any CPU
		{EFC34E1E-0116-4CBF-82E5-C165DB5978EE}.Debug|Any CPU.Build.0 = Debug|Any CPU
		{EFC34E1E-0116-4CBF-82E5-C165DB5978EE}.Release|Any CPU.ActiveCfg = Release|Any CPU
		{EFC34E1E-0116-4CBF-82E5-C165DB5978EE}.Release|Any CPU.Build.0 = Release|Any CPU
		{FD8C7C6F-598A-3384-52CD-448212B2CDE9}.Debug|Any CPU.ActiveCfg = Debug|Any CPU
		{FD8C7C6F-598A-3384-52CD-448212B2CDE9}.Debug|Any CPU.Build.0 = Debug|Any CPU
		{FD8C7C6F-598A-3384-52CD-448212B2CDE9}.Release|Any CPU.ActiveCfg = Release|Any CPU
		{FD8C7C6F-598A-3384-52CD-448212B2CDE9}.Release|Any CPU.Build.0 = Release|Any CPU
		{0054F869-F3B6-D247-5BDB-943519D73D9C}.Debug|Any CPU.ActiveCfg = Debug|Any CPU
		{0054F869-F3B6-D247-5BDB-943519D73D9C}.Debug|Any CPU.Build.0 = Debug|Any CPU
		{0054F869-F3B6-D247-5BDB-943519D73D9C}.Release|Any CPU.ActiveCfg = Release|Any CPU
		{0054F869-F3B6-D247-5BDB-943519D73D9C}.Release|Any CPU.Build.0 = Release|Any CPU
		{ADEDFE58-B3D0-B105-EADF-04A3D2FD53A9}.Debug|Any CPU.ActiveCfg = Debug|Any CPU
		{ADEDFE58-B3D0-B105-EADF-04A3D2FD53A9}.Debug|Any CPU.Build.0 = Debug|Any CPU
		{ADEDFE58-B3D0-B105-EADF-04A3D2FD53A9}.Release|Any CPU.ActiveCfg = Release|Any CPU
		{ADEDFE58-B3D0-B105-EADF-04A3D2FD53A9}.Release|Any CPU.Build.0 = Release|Any CPU
		{D1FC86F4-6296-CED0-2BE3-905872D7F6B5}.Debug|Any CPU.ActiveCfg = Debug|Any CPU
		{D1FC86F4-6296-CED0-2BE3-905872D7F6B5}.Debug|Any CPU.Build.0 = Debug|Any CPU
		{D1FC86F4-6296-CED0-2BE3-905872D7F6B5}.Release|Any CPU.ActiveCfg = Release|Any CPU
		{D1FC86F4-6296-CED0-2BE3-905872D7F6B5}.Release|Any CPU.Build.0 = Release|Any CPU
		{93C0C091-9983-10E6-EB31-5C5CF86D6479}.Debug|Any CPU.ActiveCfg = Debug|Any CPU
		{93C0C091-9983-10E6-EB31-5C5CF86D6479}.Debug|Any CPU.Build.0 = Debug|Any CPU
		{93C0C091-9983-10E6-EB31-5C5CF86D6479}.Release|Any CPU.ActiveCfg = Release|Any CPU
		{93C0C091-9983-10E6-EB31-5C5CF86D6479}.Release|Any CPU.Build.0 = Release|Any CPU
		{5914E0DE-07BC-4CC0-43D4-D2364FA20468}.Debug|Any CPU.ActiveCfg = Debug|Any CPU
		{5914E0DE-07BC-4CC0-43D4-D2364FA20468}.Debug|Any CPU.Build.0 = Debug|Any CPU
		{5914E0DE-07BC-4CC0-43D4-D2364FA20468}.Release|Any CPU.ActiveCfg = Release|Any CPU
		{5914E0DE-07BC-4CC0-43D4-D2364FA20468}.Release|Any CPU.Build.0 = Release|Any CPU
		{5981BC88-FED5-4922-0880-3692BC9BFFC2}.Debug|Any CPU.ActiveCfg = Debug|Any CPU
		{5981BC88-FED5-4922-0880-3692BC9BFFC2}.Debug|Any CPU.Build.0 = Debug|Any CPU
		{5981BC88-FED5-4922-0880-3692BC9BFFC2}.Release|Any CPU.ActiveCfg = Release|Any CPU
		{5981BC88-FED5-4922-0880-3692BC9BFFC2}.Release|Any CPU.Build.0 = Release|Any CPU
		{570C5D04-C7BE-06D6-94D7-6F13DEBBAA13}.Debug|Any CPU.ActiveCfg = Debug|Any CPU
		{570C5D04-C7BE-06D6-94D7-6F13DEBBAA13}.Debug|Any CPU.Build.0 = Debug|Any CPU
		{570C5D04-C7BE-06D6-94D7-6F13DEBBAA13}.Release|Any CPU.ActiveCfg = Release|Any CPU
		{570C5D04-C7BE-06D6-94D7-6F13DEBBAA13}.Release|Any CPU.Build.0 = Release|Any CPU
		{A1AF3371-6773-7DD8-0DEB-E3049032DFC5}.Debug|Any CPU.ActiveCfg = Debug|Any CPU
		{A1AF3371-6773-7DD8-0DEB-E3049032DFC5}.Debug|Any CPU.Build.0 = Debug|Any CPU
		{A1AF3371-6773-7DD8-0DEB-E3049032DFC5}.Release|Any CPU.ActiveCfg = Release|Any CPU
		{A1AF3371-6773-7DD8-0DEB-E3049032DFC5}.Release|Any CPU.Build.0 = Release|Any CPU
		{65D73C2C-3B23-DB43-C982-B4B8023434D2}.Debug|Any CPU.ActiveCfg = Debug|Any CPU
		{65D73C2C-3B23-DB43-C982-B4B8023434D2}.Debug|Any CPU.Build.0 = Debug|Any CPU
		{65D73C2C-3B23-DB43-C982-B4B8023434D2}.Release|Any CPU.ActiveCfg = Release|Any CPU
		{65D73C2C-3B23-DB43-C982-B4B8023434D2}.Release|Any CPU.Build.0 = Release|Any CPU
		{0897BDFE-12D0-09CE-568F-1E2F681A4337}.Debug|Any CPU.ActiveCfg = Debug|Any CPU
		{0897BDFE-12D0-09CE-568F-1E2F681A4337}.Debug|Any CPU.Build.0 = Debug|Any CPU
		{0897BDFE-12D0-09CE-568F-1E2F681A4337}.Release|Any CPU.ActiveCfg = Release|Any CPU
		{0897BDFE-12D0-09CE-568F-1E2F681A4337}.Release|Any CPU.Build.0 = Release|Any CPU
		{305E9B71-7437-1571-D108-0921219A9FD4}.Debug|Any CPU.ActiveCfg = Debug|Any CPU
		{305E9B71-7437-1571-D108-0921219A9FD4}.Debug|Any CPU.Build.0 = Debug|Any CPU
		{305E9B71-7437-1571-D108-0921219A9FD4}.Release|Any CPU.ActiveCfg = Release|Any CPU
		{305E9B71-7437-1571-D108-0921219A9FD4}.Release|Any CPU.Build.0 = Release|Any CPU
		{7338AAB0-3B33-92C4-6361-48251A89D6AA}.Debug|Any CPU.ActiveCfg = Debug|Any CPU
		{7338AAB0-3B33-92C4-6361-48251A89D6AA}.Debug|Any CPU.Build.0 = Debug|Any CPU
		{7338AAB0-3B33-92C4-6361-48251A89D6AA}.Release|Any CPU.ActiveCfg = Release|Any CPU
		{7338AAB0-3B33-92C4-6361-48251A89D6AA}.Release|Any CPU.Build.0 = Release|Any CPU
		{63C80719-F744-1F71-0776-0E680E8EB097}.Debug|Any CPU.ActiveCfg = Debug|Any CPU
		{63C80719-F744-1F71-0776-0E680E8EB097}.Debug|Any CPU.Build.0 = Debug|Any CPU
		{63C80719-F744-1F71-0776-0E680E8EB097}.Release|Any CPU.ActiveCfg = Release|Any CPU
		{63C80719-F744-1F71-0776-0E680E8EB097}.Release|Any CPU.Build.0 = Release|Any CPU
		{974F3D8A-FDE7-7D03-23B2-C207DB70385F}.Debug|Any CPU.ActiveCfg = Debug|Any CPU
		{974F3D8A-FDE7-7D03-23B2-C207DB70385F}.Debug|Any CPU.Build.0 = Debug|Any CPU
		{974F3D8A-FDE7-7D03-23B2-C207DB70385F}.Release|Any CPU.ActiveCfg = Release|Any CPU
		{974F3D8A-FDE7-7D03-23B2-C207DB70385F}.Release|Any CPU.Build.0 = Release|Any CPU
		{66B4ABE3-5944-BF80-C0F0-D7C00357CFBF}.Debug|Any CPU.ActiveCfg = Debug|Any CPU
		{66B4ABE3-5944-BF80-C0F0-D7C00357CFBF}.Debug|Any CPU.Build.0 = Debug|Any CPU
		{66B4ABE3-5944-BF80-C0F0-D7C00357CFBF}.Release|Any CPU.ActiveCfg = Release|Any CPU
		{66B4ABE3-5944-BF80-C0F0-D7C00357CFBF}.Release|Any CPU.Build.0 = Release|Any CPU
		{202F0A3F-9721-E5DE-71B9-6EBAD78B0F78}.Debug|Any CPU.ActiveCfg = Debug|Any CPU
		{202F0A3F-9721-E5DE-71B9-6EBAD78B0F78}.Debug|Any CPU.Build.0 = Debug|Any CPU
		{202F0A3F-9721-E5DE-71B9-6EBAD78B0F78}.Release|Any CPU.ActiveCfg = Release|Any CPU
		{202F0A3F-9721-E5DE-71B9-6EBAD78B0F78}.Release|Any CPU.Build.0 = Release|Any CPU
		{D4EC9792-3D5E-3A7F-E4E7-1F3D0A4169E6}.Debug|Any CPU.ActiveCfg = Debug|Any CPU
		{D4EC9792-3D5E-3A7F-E4E7-1F3D0A4169E6}.Debug|Any CPU.Build.0 = Debug|Any CPU
		{D4EC9792-3D5E-3A7F-E4E7-1F3D0A4169E6}.Release|Any CPU.ActiveCfg = Release|Any CPU
		{D4EC9792-3D5E-3A7F-E4E7-1F3D0A4169E6}.Release|Any CPU.Build.0 = Release|Any CPU
		{DAF200C6-F37D-3B07-639C-2CEAC0E4E67D}.Debug|Any CPU.ActiveCfg = Debug|Any CPU
		{DAF200C6-F37D-3B07-639C-2CEAC0E4E67D}.Debug|Any CPU.Build.0 = Debug|Any CPU
		{DAF200C6-F37D-3B07-639C-2CEAC0E4E67D}.Release|Any CPU.ActiveCfg = Release|Any CPU
		{DAF200C6-F37D-3B07-639C-2CEAC0E4E67D}.Release|Any CPU.Build.0 = Release|Any CPU
		{87F43C3F-E16A-79FF-0963-3F223F0DB189}.Debug|Any CPU.ActiveCfg = Debug|Any CPU
		{87F43C3F-E16A-79FF-0963-3F223F0DB189}.Debug|Any CPU.Build.0 = Debug|Any CPU
		{87F43C3F-E16A-79FF-0963-3F223F0DB189}.Release|Any CPU.ActiveCfg = Release|Any CPU
		{87F43C3F-E16A-79FF-0963-3F223F0DB189}.Release|Any CPU.Build.0 = Release|Any CPU
	EndGlobalSection
	GlobalSection(SolutionProperties) = preSolution
		HideSolutionNode = FALSE
	EndGlobalSection
	GlobalSection(NestedProjects) = preSolution
		{03CEB584-2307-4249-8725-AA0022D36E3E} = {4E0F13D7-B993-5066-1B92-85E8515AC92E}
		{3E65D8A4-E41A-43B3-8C26-C841AABB8D17} = {4E0F13D7-B993-5066-1B92-85E8515AC92E}
		{50B4CCD8-C2FF-4A33-B4F7-E24A0256CD83} = {4E0F13D7-B993-5066-1B92-85E8515AC92E}
		{7EDDF635-E033-4C65-9ECA-96D953D32CFE} = {4E0F13D7-B993-5066-1B92-85E8515AC92E}
		{86704196-7424-4881-A3AF-718A6ED686BC} = {507AC1C2-504F-49F5-977E-05C09FCB1245}
		{A3E703DE-FCA0-4F68-B53B-E985D4F32298} = {507AC1C2-504F-49F5-977E-05C09FCB1245}
		{AAD864B2-D5CD-4E75-A9E6-530C37E1C4D2} = {507AC1C2-504F-49F5-977E-05C09FCB1245}
		{B2DDA77C-68A6-CD82-1C03-2D8E93A7DD98} = {5A380C17-196E-6321-DE74-1F06A4E0A5CA}
		{A82171FD-62A2-C6E3-C36A-58AD9851CE76} = {5A380C17-196E-6321-DE74-1F06A4E0A5CA}
		{69AAFB8E-C7E5-3E2A-1563-D3230A0535ED} = {5A380C17-196E-6321-DE74-1F06A4E0A5CA}
		{EFC34E1E-0116-4CBF-82E5-C165DB5978EE} = {4E0F13D7-B993-5066-1B92-85E8515AC92E}
		{F6280DF6-79FE-D13D-C11C-C380DB873EFA} = {A288BEE0-695A-BEEA-455C-649571D89326}
		{3508934D-48C9-37DF-1920-9DB63887B2CE} = {A288BEE0-695A-BEEA-455C-649571D89326}
		{1FAD1C1A-B1F6-323D-9340-8BE8C08CE621} = {A288BEE0-695A-BEEA-455C-649571D89326}
		{AFF20A04-B3A4-FA85-05CB-4BCBB85A9086} = {A288BEE0-695A-BEEA-455C-649571D89326}
		{4E0F13D7-B993-5066-1B92-85E8515AC92E} = {A288BEE0-695A-BEEA-455C-649571D89326}
		{B52BA70C-A2C8-6665-0651-70D7E847CB01} = {629566FC-6596-DF94-1392-784D333BB032}
		{629566FC-6596-DF94-1392-784D333BB032} = {A288BEE0-695A-BEEA-455C-649571D89326}
		{507AC1C2-504F-49F5-977E-05C09FCB1245} = {A288BEE0-695A-BEEA-455C-649571D89326}
		{FD8C7C6F-598A-3384-52CD-448212B2CDE9} = {4F52FD11-658E-A102-6CD3-7D7C16FFA15B}
		{0054F869-F3B6-D247-5BDB-943519D73D9C} = {B2DDA77C-68A6-CD82-1C03-2D8E93A7DD98}
		{ADEDFE58-B3D0-B105-EADF-04A3D2FD53A9} = {B2DDA77C-68A6-CD82-1C03-2D8E93A7DD98}
		{D1FC86F4-6296-CED0-2BE3-905872D7F6B5} = {69AAFB8E-C7E5-3E2A-1563-D3230A0535ED}
		{93C0C091-9983-10E6-EB31-5C5CF86D6479} = {F6280DF6-79FE-D13D-C11C-C380DB873EFA}
		{5914E0DE-07BC-4CC0-43D4-D2364FA20468} = {3508934D-48C9-37DF-1920-9DB63887B2CE}
		{5981BC88-FED5-4922-0880-3692BC9BFFC2} = {3508934D-48C9-37DF-1920-9DB63887B2CE}
		{570C5D04-C7BE-06D6-94D7-6F13DEBBAA13} = {1FAD1C1A-B1F6-323D-9340-8BE8C08CE621}
		{A1AF3371-6773-7DD8-0DEB-E3049032DFC5} = {1FAD1C1A-B1F6-323D-9340-8BE8C08CE621}
		{65D73C2C-3B23-DB43-C982-B4B8023434D2} = {AFF20A04-B3A4-FA85-05CB-4BCBB85A9086}
		{0897BDFE-12D0-09CE-568F-1E2F681A4337} = {AFF20A04-B3A4-FA85-05CB-4BCBB85A9086}
		{305E9B71-7437-1571-D108-0921219A9FD4} = {4E0F13D7-B993-5066-1B92-85E8515AC92E}
		{7338AAB0-3B33-92C4-6361-48251A89D6AA} = {4E0F13D7-B993-5066-1B92-85E8515AC92E}
		{63C80719-F744-1F71-0776-0E680E8EB097} = {B52BA70C-A2C8-6665-0651-70D7E847CB01}
		{974F3D8A-FDE7-7D03-23B2-C207DB70385F} = {B52BA70C-A2C8-6665-0651-70D7E847CB01}
		{66B4ABE3-5944-BF80-C0F0-D7C00357CFBF} = {B52BA70C-A2C8-6665-0651-70D7E847CB01}
		{202F0A3F-9721-E5DE-71B9-6EBAD78B0F78} = {B52BA70C-A2C8-6665-0651-70D7E847CB01}
		{D4EC9792-3D5E-3A7F-E4E7-1F3D0A4169E6} = {629566FC-6596-DF94-1392-784D333BB032}
		{DAF200C6-F37D-3B07-639C-2CEAC0E4E67D} = {507AC1C2-504F-49F5-977E-05C09FCB1245}
		{87F43C3F-E16A-79FF-0963-3F223F0DB189} = {507AC1C2-504F-49F5-977E-05C09FCB1245}
	EndGlobalSection
EndGlobal
