Microsoft Visual Studio Solution File, Format Version 12.00
# Visual Studio Version 17
VisualStudioVersion = 17.10.35027.167
MinimumVisualStudioVersion = 10.0.40219.1
Project("{9A19103F-16F7-4668-BE54-9A1E7A4F7556}") = "eShop.Clients.Domain", "eShop.Clients.Domain\eShop.Clients.Domain.csproj", "{513CD1BD-6D21-4C2B-88D4-D1FB3ADEEAC1}"
EndProject
Project("{9A19103F-16F7-4668-BE54-9A1E7A4F7556}") = "eShop.Clients.Interfaces", "eShop.Clients.Interfaces\eShop.Clients.Interfaces.csproj", "{48622EBC-3EE0-42D4-A0CF-A5B7C4553166}"
EndProject
Project("{9A19103F-16F7-4668-BE54-9A1E7A4F7556}") = "eShop.Deliveries.Domain", "eShop.Deliveries.Domain\eShop.Deliveries.Domain.csproj", "{6002096D-51D3-4C7C-8D23-69E08CB6754D}"
EndProject
Project("{9A19103F-16F7-4668-BE54-9A1E7A4F7556}") = "eShop.Deliveries.Interfaces", "eShop.Deliveries.Interfaces\eShop.Deliveries.Interfaces.csproj", "{F5CF2467-1A5B-4546-AE6A-FFE1D1533DB9}"
EndProject
Project("{9A19103F-16F7-4668-BE54-9A1E7A4F7556}") = "eShop.Products.Domain", "eShop.Products.Domain\eShop.Products.Domain.csproj", "{6C14D038-7C35-43D3-8A5F-672D5EC32D79}"
EndProject
Project("{2150E333-8FDC-42A3-9474-1A3956D46DE8}") = "Services", "Services", "{B60C5356-57F5-4C66-9D6C-B8FCBA071A5E}"
EndProject
Project("{2150E333-8FDC-42A3-9474-1A3956D46DE8}") = "Clients", "Clients", "{76FC2422-00D6-47EE-BFBB-4B642EB4D6D6}"
EndProject
Project("{2150E333-8FDC-42A3-9474-1A3956D46DE8}") = "Deliveries", "Deliveries", "{C4A2066D-DCDB-4AB5-83CB-D6DFEBBF071C}"
EndProject
Project("{2150E333-8FDC-42A3-9474-1A3956D46DE8}") = "Catalog", "Catalog", "{CF26B104-BF08-446B-B941-8D08704EE23F}"
EndProject
Project("{9A19103F-16F7-4668-BE54-9A1E7A4F7556}") = "eShop.Products.Interfaces", "eShop.Products.Interfaces\eShop.Products.Interfaces.csproj", "{372F31A2-5000-40B6-866A-15B7A72B112C}"
EndProject
Project("{9A19103F-16F7-4668-BE54-9A1E7A4F7556}") = "eShop.Products.Models", "eShop.Products.Models\eShop.Products.Models.csproj", "{7D0D9244-1249-4BE9-B11E-92178D3C52D6}"
EndProject
Project("{9A19103F-16F7-4668-BE54-9A1E7A4F7556}") = "eShop.Products.Persistence", "eShop.Products.Persistence\eShop.Products.Persistence.csproj", "{90B5109E-BCEE-4EAC-B93B-347E21BF31CA}"
EndProject
Project("{9A19103F-16F7-4668-BE54-9A1E7A4F7556}") = "eShop.Products.Services", "eShop.Products.Services\eShop.Products.Services.csproj", "{6CC0A6C8-706B-4C21-AEA4-E7B2F86A0028}"
EndProject
Project("{2150E333-8FDC-42A3-9474-1A3956D46DE8}") = "Shared", "Shared", "{69BA202F-FB52-4D9C-B0D4-AFD61454C382}"
EndProject
Project("{2150E333-8FDC-42A3-9474-1A3956D46DE8}") = "Payments", "Payments", "{C638477A-2569-44A2-A150-A350893045E9}"
EndProject
Project("{2150E333-8FDC-42A3-9474-1A3956D46DE8}") = "Orders", "Orders", "{A300CD59-A102-4C74-96B2-CADB6C86CABD}"
EndProject
Project("{9A19103F-16F7-4668-BE54-9A1E7A4F7556}") = "eShop.Order.Domain", "eShop.Order.Domain\eShop.Order.Domain.csproj", "{EE07CEE3-269E-40E5-8DF2-9AA7A7689BBE}"
EndProject
Project("{9A19103F-16F7-4668-BE54-9A1E7A4F7556}") = "eShop.Order.Interfaces", "eShop.Order.Interfaces\eShop.Order.Interfaces.csproj", "{A4C6037E-B5DB-4E4D-9C70-18C1B06D3604}"
EndProject
Project("{2150E333-8FDC-42A3-9474-1A3956D46DE8}") = "Core", "Core", "{AA65B809-F523-4CC7-B99A-4CEEF25C2185}"
EndProject
Project("{9A19103F-16F7-4668-BE54-9A1E7A4F7556}") = "eShop.Shared.Interfaces", "eShop.Shared.Interfaces\eShop.Shared.Interfaces.csproj", "{8A22B4CA-A794-41F3-868D-D8084C0B1358}"
EndProject
Global
	GlobalSection(NestedProjects) = preSolution
		{372F31A2-5000-40B6-866A-15B7A72B112C} = {AA65B809-F523-4CC7-B99A-4CEEF25C2185}
		{48622EBC-3EE0-42D4-A0CF-A5B7C4553166} = {76FC2422-00D6-47EE-BFBB-4B642EB4D6D6}
		{513CD1BD-6D21-4C2B-88D4-D1FB3ADEEAC1} = {76FC2422-00D6-47EE-BFBB-4B642EB4D6D6}
		{6002096D-51D3-4C7C-8D23-69E08CB6754D} = {C4A2066D-DCDB-4AB5-83CB-D6DFEBBF071C}
		{6C14D038-7C35-43D3-8A5F-672D5EC32D79} = {AA65B809-F523-4CC7-B99A-4CEEF25C2185}
		{6CC0A6C8-706B-4C21-AEA4-E7B2F86A0028} = {AA65B809-F523-4CC7-B99A-4CEEF25C2185}
		{76FC2422-00D6-47EE-BFBB-4B642EB4D6D6} = {B60C5356-57F5-4C66-9D6C-B8FCBA071A5E}
		{7D0D9244-1249-4BE9-B11E-92178D3C52D6} = {AA65B809-F523-4CC7-B99A-4CEEF25C2185}
		{8A22B4CA-A794-41F3-868D-D8084C0B1358} = {69BA202F-FB52-4D9C-B0D4-AFD61454C382}
		{90B5109E-BCEE-4EAC-B93B-347E21BF31CA} = {CF26B104-BF08-446B-B941-8D08704EE23F}
		{A300CD59-A102-4C74-96B2-CADB6C86CABD} = {B60C5356-57F5-4C66-9D6C-B8FCBA071A5E}
		{A4C6037E-B5DB-4E4D-9C70-18C1B06D3604} = {A300CD59-A102-4C74-96B2-CADB6C86CABD}
		{AA65B809-F523-4CC7-B99A-4CEEF25C2185} = {CF26B104-BF08-446B-B941-8D08704EE23F}
		{C4A2066D-DCDB-4AB5-83CB-D6DFEBBF071C} = {B60C5356-57F5-4C66-9D6C-B8FCBA071A5E}
		{C638477A-2569-44A2-A150-A350893045E9} = {B60C5356-57F5-4C66-9D6C-B8FCBA071A5E}
		{CF26B104-BF08-446B-B941-8D08704EE23F} = {B60C5356-57F5-4C66-9D6C-B8FCBA071A5E}
		{EE07CEE3-269E-40E5-8DF2-9AA7A7689BBE} = {A300CD59-A102-4C74-96B2-CADB6C86CABD}
		{F5CF2467-1A5B-4546-AE6A-FFE1D1533DB9} = {C4A2066D-DCDB-4AB5-83CB-D6DFEBBF071C}
	EndGlobalSection
	GlobalSection(SolutionConfigurationPlatforms) = preSolution
		Debug|Any CPU = Debug|Any CPU
		Release|Any CPU = Release|Any CPU
	EndGlobalSection
	GlobalSection(ProjectConfigurationPlatforms) = postSolution
		{372F31A2-5000-40B6-866A-15B7A72B112C}.Debug|Any CPU.ActiveCfg = Debug|Any CPU
		{372F31A2-5000-40B6-866A-15B7A72B112C}.Debug|Any CPU.Build.0 = Debug|Any CPU
		{372F31A2-5000-40B6-866A-15B7A72B112C}.Release|Any CPU.ActiveCfg = Release|Any CPU
		{372F31A2-5000-40B6-866A-15B7A72B112C}.Release|Any CPU.Build.0 = Release|Any CPU
		{48622EBC-3EE0-42D4-A0CF-A5B7C4553166}.Debug|Any CPU.ActiveCfg = Debug|Any CPU
		{48622EBC-3EE0-42D4-A0CF-A5B7C4553166}.Debug|Any CPU.Build.0 = Debug|Any CPU
		{48622EBC-3EE0-42D4-A0CF-A5B7C4553166}.Release|Any CPU.ActiveCfg = Release|Any CPU
		{48622EBC-3EE0-42D4-A0CF-A5B7C4553166}.Release|Any CPU.Build.0 = Release|Any CPU
		{513CD1BD-6D21-4C2B-88D4-D1FB3ADEEAC1}.Debug|Any CPU.ActiveCfg = Debug|Any CPU
		{513CD1BD-6D21-4C2B-88D4-D1FB3ADEEAC1}.Debug|Any CPU.Build.0 = Debug|Any CPU
		{513CD1BD-6D21-4C2B-88D4-D1FB3ADEEAC1}.Release|Any CPU.ActiveCfg = Release|Any CPU
		{513CD1BD-6D21-4C2B-88D4-D1FB3ADEEAC1}.Release|Any CPU.Build.0 = Release|Any CPU
		{6002096D-51D3-4C7C-8D23-69E08CB6754D}.Debug|Any CPU.ActiveCfg = Debug|Any CPU
		{6002096D-51D3-4C7C-8D23-69E08CB6754D}.Debug|Any CPU.Build.0 = Debug|Any CPU
		{6002096D-51D3-4C7C-8D23-69E08CB6754D}.Release|Any CPU.ActiveCfg = Release|Any CPU
		{6002096D-51D3-4C7C-8D23-69E08CB6754D}.Release|Any CPU.Build.0 = Release|Any CPU
		{6C14D038-7C35-43D3-8A5F-672D5EC32D79}.Debug|Any CPU.ActiveCfg = Debug|Any CPU
		{6C14D038-7C35-43D3-8A5F-672D5EC32D79}.Debug|Any CPU.Build.0 = Debug|Any CPU
		{6C14D038-7C35-43D3-8A5F-672D5EC32D79}.Release|Any CPU.ActiveCfg = Release|Any CPU
		{6C14D038-7C35-43D3-8A5F-672D5EC32D79}.Release|Any CPU.Build.0 = Release|Any CPU
		{6CC0A6C8-706B-4C21-AEA4-E7B2F86A0028}.Debug|Any CPU.ActiveCfg = Debug|Any CPU
		{6CC0A6C8-706B-4C21-AEA4-E7B2F86A0028}.Debug|Any CPU.Build.0 = Debug|Any CPU
		{6CC0A6C8-706B-4C21-AEA4-E7B2F86A0028}.Release|Any CPU.ActiveCfg = Release|Any CPU
		{6CC0A6C8-706B-4C21-AEA4-E7B2F86A0028}.Release|Any CPU.Build.0 = Release|Any CPU
		{7D0D9244-1249-4BE9-B11E-92178D3C52D6}.Debug|Any CPU.ActiveCfg = Debug|Any CPU
		{7D0D9244-1249-4BE9-B11E-92178D3C52D6}.Debug|Any CPU.Build.0 = Debug|Any CPU
		{7D0D9244-1249-4BE9-B11E-92178D3C52D6}.Release|Any CPU.ActiveCfg = Release|Any CPU
		{7D0D9244-1249-4BE9-B11E-92178D3C52D6}.Release|Any CPU.Build.0 = Release|Any CPU
		{8A22B4CA-A794-41F3-868D-D8084C0B1358}.Debug|Any CPU.ActiveCfg = Debug|Any CPU
		{8A22B4CA-A794-41F3-868D-D8084C0B1358}.Debug|Any CPU.Build.0 = Debug|Any CPU
		{8A22B4CA-A794-41F3-868D-D8084C0B1358}.Release|Any CPU.ActiveCfg = Release|Any CPU
		{8A22B4CA-A794-41F3-868D-D8084C0B1358}.Release|Any CPU.Build.0 = Release|Any CPU
		{90B5109E-BCEE-4EAC-B93B-347E21BF31CA}.Debug|Any CPU.ActiveCfg = Debug|Any CPU
		{90B5109E-BCEE-4EAC-B93B-347E21BF31CA}.Debug|Any CPU.Build.0 = Debug|Any CPU
		{90B5109E-BCEE-4EAC-B93B-347E21BF31CA}.Release|Any CPU.ActiveCfg = Release|Any CPU
		{90B5109E-BCEE-4EAC-B93B-347E21BF31CA}.Release|Any CPU.Build.0 = Release|Any CPU
		{A4C6037E-B5DB-4E4D-9C70-18C1B06D3604}.Debug|Any CPU.ActiveCfg = Debug|Any CPU
		{A4C6037E-B5DB-4E4D-9C70-18C1B06D3604}.Debug|Any CPU.Build.0 = Debug|Any CPU
		{A4C6037E-B5DB-4E4D-9C70-18C1B06D3604}.Release|Any CPU.ActiveCfg = Release|Any CPU
		{A4C6037E-B5DB-4E4D-9C70-18C1B06D3604}.Release|Any CPU.Build.0 = Release|Any CPU
		{EE07CEE3-269E-40E5-8DF2-9AA7A7689BBE}.Debug|Any CPU.ActiveCfg = Debug|Any CPU
		{EE07CEE3-269E-40E5-8DF2-9AA7A7689BBE}.Debug|Any CPU.Build.0 = Debug|Any CPU
		{EE07CEE3-269E-40E5-8DF2-9AA7A7689BBE}.Release|Any CPU.ActiveCfg = Release|Any CPU
		{EE07CEE3-269E-40E5-8DF2-9AA7A7689BBE}.Release|Any CPU.Build.0 = Release|Any CPU
		{F5CF2467-1A5B-4546-AE6A-FFE1D1533DB9}.Debug|Any CPU.ActiveCfg = Debug|Any CPU
		{F5CF2467-1A5B-4546-AE6A-FFE1D1533DB9}.Debug|Any CPU.Build.0 = Debug|Any CPU
		{F5CF2467-1A5B-4546-AE6A-FFE1D1533DB9}.Release|Any CPU.ActiveCfg = Release|Any CPU
		{F5CF2467-1A5B-4546-AE6A-FFE1D1533DB9}.Release|Any CPU.Build.0 = Release|Any CPU
	EndGlobalSection
	GlobalSection(SolutionProperties) = preSolution
		HideSolutionNode = FALSE
	EndGlobalSection
	GlobalSection(ExtensibilityGlobals) = postSolution
		SolutionGuid = {C19B7F0B-A412-455C-AFAF-6DCC44BF843D}
	EndGlobalSection
EndGlobal
